Microsoft Visual Studio Solution File, Format Version 12.00
# Visual Studio 15
VisualStudioVersion = 15.0.27130.2027
MinimumVisualStudioVersion = 10.0.40219.1
Project("{8BC9CEB8-8B4A-11D0-8D11-00A0C91BC942}") = "QuantumReverb_StandalonePlugin", "QuantumReverb_StandalonePlugin.vcxproj", "{CB1C78C7-C393-2466-3BAB-560BD7C25654}"
	ProjectSection(ProjectDependencies) = postProject
		{57C8BC74-B084-1E41-A6B0-E8CD20A8C968} = {57C8BC74-B084-1E41-A6B0-E8CD20A8C968}
	EndProjectSection
EndProject
Project("{8BC9CEB8-8B4A-11D0-8D11-00A0C91BC942}") = "QuantumReverb_VST", "QuantumReverb_VST.vcxproj", "{9B476EDF-F84B-10A4-8A4B-894CD34FC81D}"
	ProjectSection(ProjectDependencies) = postProject
		{57C8BC74-B084-1E41-A6B0-E8CD20A8C968} = {57C8BC74-B084-1E41-A6B0-E8CD20A8C968}
	EndProjectSection
EndProject
Project("{8BC9CEB8-8B4A-11D0-8D11-00A0C91BC942}") = "QuantumReverb_VST3", "QuantumReverb_VST3.vcxproj", "{39681AA5-8792-D84C-830E-96B68D8B89C9}"
	ProjectSection(ProjectDependencies) = postProject
		{57C8BC74-B084-1E41-A6B0-E8CD20A8C968} = {57C8BC74-B084-1E41-A6B0-E8CD20A8C968}
	EndProjectSection
EndProject
Project("{8BC9CEB8-8B4A-11D0-8D11-00A0C91BC942}") = "QuantumReverb_SharedCode", "QuantumReverb_SharedCode.vcxproj", "{57C8BC74-B084-1E41-A6B0-E8CD20A8C968}"
	ProjectSection(ProjectDependencies) = postProject
		{68A5DD20-7057-448B-8FE0-B6AC8D205509} = {68A5DD20-7057-448B-8FE0-B6AC8D205509}
	EndProjectSection
EndProject
Project("{8BC9CEB8-8B4A-11D0-8D11-00A0C91BC942}") = "SoundTouch", "..\SoundTouch\SoundTouch.vcxproj", "{68A5DD20-7057-448B-8FE0-B6AC8D205509}"
EndProject
Project("{8BC9CEB8-8B4A-11D0-8D11-00A0C91BC942}") = "Tests", "..\Tests\Tests.vcxproj", "{B3E33977-312C-4CA8-8919-DB260B6E4BE7}"
	ProjectSection(ProjectDependencies) = postProject
		{57C8BC74-B084-1E41-A6B0-E8CD20A8C968} = {57C8BC74-B084-1E41-A6B0-E8CD20A8C968}
		{39681AA5-8792-D84C-830E-96B68D8B89C9} = {39681AA5-8792-D84C-830E-96B68D8B89C9}
		{CB1C78C7-C393-2466-3BAB-560BD7C25654} = {CB1C78C7-C393-2466-3BAB-560BD7C25654}
		{9B476EDF-F84B-10A4-8A4B-894CD34FC81D} = {9B476EDF-F84B-10A4-8A4B-894CD34FC81D}
	EndProjectSection
EndProject
Global
	GlobalSection(SolutionConfigurationPlatforms) = preSolution
		Debug|x64 = Debug|x64
		Debug|x86 = Debug|x86
		Release|x64 = Release|x64
		Release|x86 = Release|x86
		ReleaseX64|x64 = ReleaseX64|x64
		ReleaseX64|x86 = ReleaseX64|x86
	EndGlobalSection
	GlobalSection(ProjectConfigurationPlatforms) = postSolution
		{CB1C78C7-C393-2466-3BAB-560BD7C25654}.Debug|x64.ActiveCfg = Debug|x64
		{CB1C78C7-C393-2466-3BAB-560BD7C25654}.Debug|x64.Build.0 = Debug|x64
		{CB1C78C7-C393-2466-3BAB-560BD7C25654}.Debug|x86.ActiveCfg = Debug|x64
		{CB1C78C7-C393-2466-3BAB-560BD7C25654}.Release|x64.ActiveCfg = Release|x64
		{CB1C78C7-C393-2466-3BAB-560BD7C25654}.Release|x64.Build.0 = Release|x64
		{CB1C78C7-C393-2466-3BAB-560BD7C25654}.Release|x86.ActiveCfg = Release|x64
		{CB1C78C7-C393-2466-3BAB-560BD7C25654}.ReleaseX64|x64.ActiveCfg = Release|x64
		{CB1C78C7-C393-2466-3BAB-560BD7C25654}.ReleaseX64|x64.Build.0 = Release|x64
		{CB1C78C7-C393-2466-3BAB-560BD7C25654}.ReleaseX64|x86.ActiveCfg = Release|x64
		{CB1C78C7-C393-2466-3BAB-560BD7C25654}.ReleaseX64|x86.Build.0 = Release|x64
		{9B476EDF-F84B-10A4-8A4B-894CD34FC81D}.Debug|x64.ActiveCfg = Debug|x64
		{9B476EDF-F84B-10A4-8A4B-894CD34FC81D}.Debug|x64.Build.0 = Debug|x64
		{9B476EDF-F84B-10A4-8A4B-894CD34FC81D}.Debug|x86.ActiveCfg = Debug|x64
		{9B476EDF-F84B-10A4-8A4B-894CD34FC81D}.Release|x64.ActiveCfg = Release|x64
		{9B476EDF-F84B-10A4-8A4B-894CD34FC81D}.Release|x64.Build.0 = Release|x64
		{9B476EDF-F84B-10A4-8A4B-894CD34FC81D}.Release|x86.ActiveCfg = Release|x64
		{9B476EDF-F84B-10A4-8A4B-894CD34FC81D}.ReleaseX64|x64.ActiveCfg = Release|x64
		{9B476EDF-F84B-10A4-8A4B-894CD34FC81D}.ReleaseX64|x64.Build.0 = Release|x64
		{9B476EDF-F84B-10A4-8A4B-894CD34FC81D}.ReleaseX64|x64.Deploy.0 = Release|x64
		{9B476EDF-F84B-10A4-8A4B-894CD34FC81D}.ReleaseX64|x86.ActiveCfg = Release|x64
		{9B476EDF-F84B-10A4-8A4B-894CD34FC81D}.ReleaseX64|x86.Build.0 = Release|x64
		{9B476EDF-F84B-10A4-8A4B-894CD34FC81D}.ReleaseX64|x86.Deploy.0 = Release|x64
		{39681AA5-8792-D84C-830E-96B68D8B89C9}.Debug|x64.ActiveCfg = Debug|x64
		{39681AA5-8792-D84C-830E-96B68D8B89C9}.Debug|x64.Build.0 = Debug|x64
		{39681AA5-8792-D84C-830E-96B68D8B89C9}.Debug|x86.ActiveCfg = Debug|x64
		{39681AA5-8792-D84C-830E-96B68D8B89C9}.Release|x64.ActiveCfg = Release|x64
		{39681AA5-8792-D84C-830E-96B68D8B89C9}.Release|x64.Build.0 = Release|x64
		{39681AA5-8792-D84C-830E-96B68D8B89C9}.Release|x86.ActiveCfg = Release|x64
		{39681AA5-8792-D84C-830E-96B68D8B89C9}.ReleaseX64|x64.ActiveCfg = Release|x64
		{39681AA5-8792-D84C-830E-96B68D8B89C9}.ReleaseX64|x64.Build.0 = Release|x64
		{39681AA5-8792-D84C-830E-96B68D8B89C9}.ReleaseX64|x64.Deploy.0 = Release|x64
		{39681AA5-8792-D84C-830E-96B68D8B89C9}.ReleaseX64|x86.ActiveCfg = Release|x64
		{39681AA5-8792-D84C-830E-96B68D8B89C9}.ReleaseX64|x86.Build.0 = Release|x64
		{39681AA5-8792-D84C-830E-96B68D8B89C9}.ReleaseX64|x86.Deploy.0 = Release|x64
		{57C8BC74-B084-1E41-A6B0-E8CD20A8C968}.Debug|x64.ActiveCfg = Debug|x64
		{57C8BC74-B084-1E41-A6B0-E8CD20A8C968}.Debug|x64.Build.0 = Debug|x64
		{57C8BC74-B084-1E41-A6B0-E8CD20A8C968}.Debug|x86.ActiveCfg = Debug|x64
		{57C8BC74-B084-1E41-A6B0-E8CD20A8C968}.Release|x64.ActiveCfg = Release|x64
		{57C8BC74-B084-1E41-A6B0-E8CD20A8C968}.Release|x64.Build.0 = Release|x64
		{57C8BC74-B084-1E41-A6B0-E8CD20A8C968}.Release|x86.ActiveCfg = Release|x64
		{57C8BC74-B084-1E41-A6B0-E8CD20A8C968}.ReleaseX64|x64.ActiveCfg = Release|x64
		{57C8BC74-B084-1E41-A6B0-E8CD20A8C968}.ReleaseX64|x64.Build.0 = Release|x64
		{57C8BC74-B084-1E41-A6B0-E8CD20A8C968}.ReleaseX64|x64.Deploy.0 = Release|x64
		{57C8BC74-B084-1E41-A6B0-E8CD20A8C968}.ReleaseX64|x86.ActiveCfg = Release|x64
		{57C8BC74-B084-1E41-A6B0-E8CD20A8C968}.ReleaseX64|x86.Build.0 = Release|x64
		{57C8BC74-B084-1E41-A6B0-E8CD20A8C968}.ReleaseX64|x86.Deploy.0 = Release|x64
		{68A5DD20-7057-448B-8FE0-B6AC8D205509}.Debug|x64.ActiveCfg = Debug|x64
		{68A5DD20-7057-448B-8FE0-B6AC8D205509}.Debug|x64.Build.0 = Debug|x64
		{68A5DD20-7057-448B-8FE0-B6AC8D205509}.Debug|x86.ActiveCfg = Debug|Win32
		{68A5DD20-7057-448B-8FE0-B6AC8D205509}.Debug|x86.Build.0 = Debug|Win32
		{68A5DD20-7057-448B-8FE0-B6AC8D205509}.Release|x64.ActiveCfg = Release|x64
		{68A5DD20-7057-448B-8FE0-B6AC8D205509}.Release|x64.Build.0 = Release|x64
		{68A5DD20-7057-448B-8FE0-B6AC8D205509}.Release|x86.ActiveCfg = Release|Win32
		{68A5DD20-7057-448B-8FE0-B6AC8D205509}.Release|x86.Build.0 = Release|Win32
		{68A5DD20-7057-448B-8FE0-B6AC8D205509}.ReleaseX64|x64.ActiveCfg = Release|x64
		{68A5DD20-7057-448B-8FE0-B6AC8D205509}.ReleaseX64|x64.Build.0 = Release|x64
		{68A5DD20-7057-448B-8FE0-B6AC8D205509}.ReleaseX64|x86.ActiveCfg = Release|Win32
		{68A5DD20-7057-448B-8FE0-B6AC8D205509}.ReleaseX64|x86.Build.0 = Release|Win32
		{B3E33977-312C-4CA8-8919-DB260B6E4BE7}.Debug|x64.ActiveCfg = Debug|x64
		{B3E33977-312C-4CA8-8919-DB260B6E4BE7}.Debug|x64.Build.0 = Debug|x64
		{B3E33977-312C-4CA8-8919-DB260B6E4BE7}.Debug|x86.ActiveCfg = Debug|Win32
		{B3E33977-312C-4CA8-8919-DB260B6E4BE7}.Debug|x86.Build.0 = Debug|Win32
		{B3E33977-312C-4CA8-8919-DB260B6E4BE7}.Release|x64.ActiveCfg = Debug|x64
		{B3E33977-312C-4CA8-8919-DB260B6E4BE7}.Release|x64.Build.0 = Debug|x64
		{B3E33977-312C-4CA8-8919-DB260B6E4BE7}.Release|x86.ActiveCfg = Debug|Win32
		{B3E33977-312C-4CA8-8919-DB260B6E4BE7}.Release|x86.Build.0 = Debug|Win32
		{B3E33977-312C-4CA8-8919-DB260B6E4BE7}.ReleaseX64|x64.ActiveCfg = Debug|x64
		{B3E33977-312C-4CA8-8919-DB260B6E4BE7}.ReleaseX64|x64.Build.0 = Debug|x64
		{B3E33977-312C-4CA8-8919-DB260B6E4BE7}.ReleaseX64|x86.ActiveCfg = Debug|Win32
		{B3E33977-312C-4CA8-8919-DB260B6E4BE7}.ReleaseX64|x86.Build.0 = Debug|Win32
	EndGlobalSection
	GlobalSection(SolutionProperties) = preSolution
		HideSolutionNode = FALSE
	EndGlobalSection
	GlobalSection(ExtensibilityGlobals) = postSolution
		SolutionGuid = {6E16BCC5-C450-4128-9898-766DFC1265A5}
	EndGlobalSection
EndGlobal
